
Microsoft Visual Studio Solution File, Format Version 12.00
# Visual Studio 15
VisualStudioVersion = 15.0.28307.1758
MinimumVisualStudioVersion = 10.0.40219.1
Project("{F184B08F-C81C-45F6-A57F-5ABD9991F28F}") = "Assignment_Array", "Assignment_Array\Assignment_Array.vbproj", "{28E04666-28BA-4318-9B10-75494458519E}"
EndProject
Global
	GlobalSection(SolutionConfigurationPlatforms) = preSolution
		Debug|Any CPU = Debug|Any CPU
		Release|Any CPU = Release|Any CPU
	EndGlobalSection
	GlobalSection(ProjectConfigurationPlatforms) = postSolution
		{28E04666-28BA-4318-9B10-75494458519E}.Debug|Any CPU.ActiveCfg = Debug|Any CPU
		{28E04666-28BA-4318-9B10-75494458519E}.Debug|Any CPU.Build.0 = Debug|Any CPU
		{28E04666-28BA-4318-9B10-75494458519E}.Release|Any CPU.ActiveCfg = Release|Any CPU
		{28E04666-28BA-4318-9B10-75494458519E}.Release|Any CPU.Build.0 = Release|Any CPU
	EndGlobalSection
	GlobalSection(SolutionProperties) = preSolution
		HideSolutionNode = FALSE
	EndGlobalSection
	GlobalSection(ExtensibilityGlobals) = postSolution
		SolutionGuid = {6ABCF969-727F-4573-A12C-80B2114F3CD7}
	EndGlobalSection
EndGlobal
